
Microsoft Visual Studio Solution File, Format Version 12.00
# Visual Studio Version 16
VisualStudioVersion = 16.0.30717.126
MinimumVisualStudioVersion = 10.0.40219.1
Project("{FAE04EC0-301F-11D3-BF4B-00C04F79EFBC}") = "Kapee", "Kapee\Kapee.csproj", "{E24060F0-8F31-4A1F-95D6-E7328ADF9A38}"
EndProject
Global
	GlobalSection(SolutionConfigurationPlatforms) = preSolution
		Debug|Any CPU = Debug|Any CPU
		Release|Any CPU = Release|Any CPU
	EndGlobalSection
	GlobalSection(ProjectConfigurationPlatforms) = postSolution
		{E24060F0-8F31-4A1F-95D6-E7328ADF9A38}.Debug|Any CPU.ActiveCfg = Debug|Any CPU
		{E24060F0-8F31-4A1F-95D6-E7328ADF9A38}.Debug|Any CPU.Build.0 = Debug|Any CPU
		{E24060F0-8F31-4A1F-95D6-E7328ADF9A38}.Release|Any CPU.ActiveCfg = Release|Any CPU
		{E24060F0-8F31-4A1F-95D6-E7328ADF9A38}.Release|Any CPU.Build.0 = Release|Any CPU
	EndGlobalSection
	GlobalSection(SolutionProperties) = preSolution
		HideSolutionNode = FALSE
	EndGlobalSection
	GlobalSection(ExtensibilityGlobals) = postSolution
		SolutionGuid = {8FE427D5-FBEC-40CA-9953-57E5D3C3CACE}
	EndGlobalSection
EndGlobal
